
Microsoft Visual Studio Solution File, Format Version 12.00
# Visual Studio Version 17
VisualStudioVersion = 17.0.31903.59
MinimumVisualStudioVersion = 10.0.40219.1
Project("{FAE04EC0-301F-11D3-BF4B-00C04F79EFBC}") = "SupportHub.Api", "SupportHub.Api\SupportHub.Api.csproj", "{A47DDC24-9810-437F-8FB0-8B6DD36780C9}"
EndProject
Project("{FAE04EC0-301F-11D3-BF4B-00C04F79EFBC}") = "SupportHub.Api.Tests", "SupportHub.Api.Tests\SupportHub.Api.Tests.csproj", "{728E96EB-AB14-432A-A3FB-1E2E235C8029}"
EndProject
Global
	GlobalSection(SolutionConfigurationPlatforms) = preSolution
		Debug|Any CPU = Debug|Any CPU
		Release|Any CPU = Release|Any CPU
	EndGlobalSection
	GlobalSection(SolutionProperties) = preSolution
		HideSolutionNode = FALSE
	EndGlobalSection
	GlobalSection(ProjectConfigurationPlatforms) = postSolution
		{A47DDC24-9810-437F-8FB0-8B6DD36780C9}.Debug|Any CPU.ActiveCfg = Debug|Any CPU
		{A47DDC24-9810-437F-8FB0-8B6DD36780C9}.Debug|Any CPU.Build.0 = Debug|Any CPU
		{A47DDC24-9810-437F-8FB0-8B6DD36780C9}.Release|Any CPU.ActiveCfg = Release|Any CPU
		{A47DDC24-9810-437F-8FB0-8B6DD36780C9}.Release|Any CPU.Build.0 = Release|Any CPU
		{728E96EB-AB14-432A-A3FB-1E2E235C8029}.Debug|Any CPU.ActiveCfg = Debug|Any CPU
		{728E96EB-AB14-432A-A3FB-1E2E235C8029}.Debug|Any CPU.Build.0 = Debug|Any CPU
		{728E96EB-AB14-432A-A3FB-1E2E235C8029}.Release|Any CPU.ActiveCfg = Release|Any CPU
		{728E96EB-AB14-432A-A3FB-1E2E235C8029}.Release|Any CPU.Build.0 = Release|Any CPU
	EndGlobalSection
EndGlobal
